{
  "name": "fight31",
  "version": "1.0.0",
  "lockfileVersion": 1,
  "requires": true,
  "dependencies": {
    "wikibase-sdk": {
      "version": "7.0.8",
      "resolved": "https://registry.npmjs.org/wikibase-sdk/-/wikibase-sdk-7.0.8.tgz",
      "integrity": "sha512-fs85F7rnqUay73En0ThUCEgCoJjfidcHj+YJK80yjcrqK/DZa00L+DGwOJ2BMc7/ZFq3w3OguFlwCFiXZAlsbg=="
    }
  }
}
